
Microsoft Visual Studio Solution File, Format Version 12.00
# Visual Studio Version 16
VisualStudioVersion = 16.0.31112.23
MinimumVisualStudioVersion = 10.0.40219.1
Project("{FAE04EC0-301F-11D3-BF4B-00C04F79EFBC}") = "ConsoleApp1", "ConsoleApp1\ConsoleApp1.csproj", "{82C7B696-8742-44FA-B242-3B9AEC62FF85}"
EndProject
Global
	GlobalSection(SolutionConfigurationPlatforms) = preSolution
		Debug|Any CPU = Debug|Any CPU
		Release|Any CPU = Release|Any CPU
	EndGlobalSection
	GlobalSection(ProjectConfigurationPlatforms) = postSolution
		{82C7B696-8742-44FA-B242-3B9AEC62FF85}.Debug|Any CPU.ActiveCfg = Debug|Any CPU
		{82C7B696-8742-44FA-B242-3B9AEC62FF85}.Debug|Any CPU.Build.0 = Debug|Any CPU
		{82C7B696-8742-44FA-B242-3B9AEC62FF85}.Release|Any CPU.ActiveCfg = Release|Any CPU
		{82C7B696-8742-44FA-B242-3B9AEC62FF85}.Release|Any CPU.Build.0 = Release|Any CPU
	EndGlobalSection
	GlobalSection(SolutionProperties) = preSolution
		HideSolutionNode = FALSE
	EndGlobalSection
	GlobalSection(ExtensibilityGlobals) = postSolution
		SolutionGuid = {D3D8E088-3FB1-42A6-BD72-C6BDB8A69975}
	EndGlobalSection
EndGlobal
